// !$*UTF8*$!
{
	archiveVersion = 1;
	classes = {
	};
	objectVersion = 55;
	objects = {

/* Begin PBXBuildFile section */
		55A3D5CC28FD3C9300A48C99 /* AppDelegate.swift in Sources */ = {isa = PBXBuildFile; fileRef = 55A3D5CB28FD3C9300A48C99 /* AppDelegate.swift */; };
		55A3D5CE28FD3C9300A48C99 /* SceneDelegate.swift in Sources */ = {isa = PBXBuildFile; fileRef = 55A3D5CD28FD3C9300A48C99 /* SceneDelegate.swift */; };
		55A3D5D028FD3C9300A48C99 /* NewsFeedViewController.swift in Sources */ = {isa = PBXBuildFile; fileRef = 55A3D5CF28FD3C9300A48C99 /* NewsFeedViewController.swift */; };
		55A3D5D328FD3C9300A48C99 /* Main.storyboard in Resources */ = {isa = PBXBuildFile; fileRef = 55A3D5D128FD3C9300A48C99 /* Main.storyboard */; };
		55A3D5D528FD3C9600A48C99 /* Assets.xcassets in Resources */ = {isa = PBXBuildFile; fileRef = 55A3D5D428FD3C9600A48C99 /* Assets.xcassets */; };
		55A3D5D828FD3C9600A48C99 /* LaunchScreen.storyboard in Resources */ = {isa = PBXBuildFile; fileRef = 55A3D5D628FD3C9600A48C99 /* LaunchScreen.storyboard */; };
		55D6471828FD68410003DB10 /* InstagramSans-Bold.ttf in Resources */ = {isa = PBXBuildFile; fileRef = 55D6471428FD68400003DB10 /* InstagramSans-Bold.ttf */; };
		55D6471928FD68410003DB10 /* InstagramSans-Regular.ttf in Resources */ = {isa = PBXBuildFile; fileRef = 55D6471528FD68400003DB10 /* InstagramSans-Regular.ttf */; };
		55D6471E28FD69850003DB10 /* Fontspring-DEMO-blue_vinyl_regular_ps_ot.otf in Resources */ = {isa = PBXBuildFile; fileRef = 55D6471C28FD69850003DB10 /* Fontspring-DEMO-blue_vinyl_regular_ps_ot.otf */; };
		55D6471F28FD69850003DB10 /* Fontspring-DEMO-blue_vinyl_bold_ps_ot.otf in Resources */ = {isa = PBXBuildFile; fileRef = 55D6471D28FD69850003DB10 /* Fontspring-DEMO-blue_vinyl_bold_ps_ot.otf */; };
		55D6472128FD7E840003DB10 /* InstagramSans-Light.ttf in Resources */ = {isa = PBXBuildFile; fileRef = 55D6472028FD7E840003DB10 /* InstagramSans-Light.ttf */; };
		55D6472328FD8D0B0003DB10 /* Content.swift in Sources */ = {isa = PBXBuildFile; fileRef = 55D6472228FD8D0B0003DB10 /* Content.swift */; };
		55D6472528FD93460003DB10 /* ContentViewCell.swift in Sources */ = {isa = PBXBuildFile; fileRef = 55D6472428FD93460003DB10 /* ContentViewCell.swift */; };
		55D6472728FE4F990003DB10 /* RecomendedViewCell.swift in Sources */ = {isa = PBXBuildFile; fileRef = 55D6472628FE4F990003DB10 /* RecomendedViewCell.swift */; };
		55D6472928FFAD720003DB10 /* StoriesViewCell.swift in Sources */ = {isa = PBXBuildFile; fileRef = 55D6472828FFAD720003DB10 /* StoriesViewCell.swift */; };
		55D6474B28FFCFED0003DB10 /* Colors.xcassets in Resources */ = {isa = PBXBuildFile; fileRef = 55D6474A28FFCFED0003DB10 /* Colors.xcassets */; };
		55D6475629002DCE0003DB10 /* NotificationsTableViewController.swift in Sources */ = {isa = PBXBuildFile; fileRef = 55D6475529002DCE0003DB10 /* NotificationsTableViewController.swift */; };
		55D6475829002E070003DB10 /* NotificationModel.swift in Sources */ = {isa = PBXBuildFile; fileRef = 55D6475729002E070003DB10 /* NotificationModel.swift */; };
		55D6475A29002F150003DB10 /* MentionedYouViewCell.swift in Sources */ = {isa = PBXBuildFile; fileRef = 55D6475929002F150003DB10 /* MentionedYouViewCell.swift */; };
		55D6475F29002FDA0003DB10 /* LikedYouViewCell.swift in Sources */ = {isa = PBXBuildFile; fileRef = 55D6475E29002FDA0003DB10 /* LikedYouViewCell.swift */; };
		55D64761290030B20003DB10 /* SubscribeYouViewCell.swift in Sources */ = {isa = PBXBuildFile; fileRef = 55D64760290030B20003DB10 /* SubscribeYouViewCell.swift */; };
		55D647632900311B0003DB10 /* IsOnInstViewCell.swift in Sources */ = {isa = PBXBuildFile; fileRef = 55D647622900311B0003DB10 /* IsOnInstViewCell.swift */; };
/* End PBXBuildFile section */

/* Begin PBXFileReference section */
		55A3D5C828FD3C9300A48C99 /* Instagram.app */ = {isa = PBXFileReference; explicitFileType = wrapper.application; includeInIndex = 0; path = Instagram.app; sourceTree = BUILT_PRODUCTS_DIR; };
		55A3D5CB28FD3C9300A48C99 /* AppDelegate.swift */ = {isa = PBXFileReference; lastKnownFileType = sourcecode.swift; path = AppDelegate.swift; sourceTree = "<group>"; };
		55A3D5CD28FD3C9300A48C99 /* SceneDelegate.swift */ = {isa = PBXFileReference; lastKnownFileType = sourcecode.swift; path = SceneDelegate.swift; sourceTree = "<group>"; };
		55A3D5CF28FD3C9300A48C99 /* NewsFeedViewController.swift */ = {isa = PBXFileReference; lastKnownFileType = sourcecode.swift; path = NewsFeedViewController.swift; sourceTree = "<group>"; };
		55A3D5D228FD3C9300A48C99 /* Base */ = {isa = PBXFileReference; lastKnownFileType = file.storyboard; name = Base; path = Base.lproj/Main.storyboard; sourceTree = "<group>"; };
		55A3D5D428FD3C9600A48C99 /* Assets.xcassets */ = {isa = PBXFileReference; lastKnownFileType = folder.assetcatalog; path = Assets.xcassets; sourceTree = "<group>"; };
		55A3D5D728FD3C9600A48C99 /* Base */ = {isa = PBXFileReference; lastKnownFileType = file.storyboard; name = Base; path = Base.lproj/LaunchScreen.storyboard; sourceTree = "<group>"; };
		55A3D5D928FD3C9600A48C99 /* Info.plist */ = {isa = PBXFileReference; lastKnownFileType = text.plist.xml; path = Info.plist; sourceTree = "<group>"; };
		55D6471428FD68400003DB10 /* InstagramSans-Bold.ttf */ = {isa = PBXFileReference; lastKnownFileType = file; path = "InstagramSans-Bold.ttf"; sourceTree = "<group>"; };
		55D6471528FD68400003DB10 /* InstagramSans-Regular.ttf */ = {isa = PBXFileReference; lastKnownFileType = file; path = "InstagramSans-Regular.ttf"; sourceTree = "<group>"; };
		55D6471C28FD69850003DB10 /* Fontspring-DEMO-blue_vinyl_regular_ps_ot.otf */ = {isa = PBXFileReference; lastKnownFileType = file; path = "Fontspring-DEMO-blue_vinyl_regular_ps_ot.otf"; sourceTree = "<group>"; };
		55D6471D28FD69850003DB10 /* Fontspring-DEMO-blue_vinyl_bold_ps_ot.otf */ = {isa = PBXFileReference; lastKnownFileType = file; path = "Fontspring-DEMO-blue_vinyl_bold_ps_ot.otf"; sourceTree = "<group>"; };
		55D6472028FD7E840003DB10 /* InstagramSans-Light.ttf */ = {isa = PBXFileReference; lastKnownFileType = file; path = "InstagramSans-Light.ttf"; sourceTree = "<group>"; };
		55D6472228FD8D0B0003DB10 /* Content.swift */ = {isa = PBXFileReference; lastKnownFileType = sourcecode.swift; path = Content.swift; sourceTree = "<group>"; };
		55D6472428FD93460003DB10 /* ContentViewCell.swift */ = {isa = PBXFileReference; lastKnownFileType = sourcecode.swift; path = ContentViewCell.swift; sourceTree = "<group>"; };
		55D6472628FE4F990003DB10 /* RecomendedViewCell.swift */ = {isa = PBXFileReference; lastKnownFileType = sourcecode.swift; path = RecomendedViewCell.swift; sourceTree = "<group>"; };
		55D6472828FFAD720003DB10 /* StoriesViewCell.swift */ = {isa = PBXFileReference; lastKnownFileType = sourcecode.swift; path = StoriesViewCell.swift; sourceTree = "<group>"; };
		55D6474A28FFCFED0003DB10 /* Colors.xcassets */ = {isa = PBXFileReference; lastKnownFileType = folder.assetcatalog; path = Colors.xcassets; sourceTree = "<group>"; };
		55D6475529002DCE0003DB10 /* NotificationsTableViewController.swift */ = {isa = PBXFileReference; lastKnownFileType = sourcecode.swift; path = NotificationsTableViewController.swift; sourceTree = "<group>"; };
		55D6475729002E070003DB10 /* NotificationModel.swift */ = {isa = PBXFileReference; lastKnownFileType = sourcecode.swift; path = NotificationModel.swift; sourceTree = "<group>"; };
		55D6475929002F150003DB10 /* MentionedYouViewCell.swift */ = {isa = PBXFileReference; lastKnownFileType = sourcecode.swift; path = MentionedYouViewCell.swift; sourceTree = "<group>"; };
		55D6475E29002FDA0003DB10 /* LikedYouViewCell.swift */ = {isa = PBXFileReference; lastKnownFileType = sourcecode.swift; path = LikedYouViewCell.swift; sourceTree = "<group>"; };
		55D64760290030B20003DB10 /* SubscribeYouViewCell.swift */ = {isa = PBXFileReference; lastKnownFileType = sourcecode.swift; path = SubscribeYouViewCell.swift; sourceTree = "<group>"; };
		55D647622900311B0003DB10 /* IsOnInstViewCell.swift */ = {isa = PBXFileReference; lastKnownFileType = sourcecode.swift; path = IsOnInstViewCell.swift; sourceTree = "<group>"; };
/* End PBXFileReference section */

/* Begin PBXFrameworksBuildPhase section */
		55A3D5C528FD3C9300A48C99 /* Frameworks */ = {
			isa = PBXFrameworksBuildPhase;
			buildActionMask = 2147483647;
			files = (
			);
			runOnlyForDeploymentPostprocessing = 0;
		};
/* End PBXFrameworksBuildPhase section */

/* Begin PBXGroup section */
		55A3D5BF28FD3C9300A48C99 = {
			isa = PBXGroup;
			children = (
				55A3D5CA28FD3C9300A48C99 /* Instagram */,
				55A3D5C928FD3C9300A48C99 /* Products */,
			);
			sourceTree = "<group>";
		};
		55A3D5C928FD3C9300A48C99 /* Products */ = {
			isa = PBXGroup;
			children = (
				55A3D5C828FD3C9300A48C99 /* Instagram.app */,
			);
			name = Products;
			sourceTree = "<group>";
		};
		55A3D5CA28FD3C9300A48C99 /* Instagram */ = {
			isa = PBXGroup;
			children = (
				55D6471328FD68190003DB10 /* Font */,
				55A3D5CB28FD3C9300A48C99 /* AppDelegate.swift */,
				55A3D5CD28FD3C9300A48C99 /* SceneDelegate.swift */,
				55D6475B29002FA80003DB10 /* NotificationPage */,
				55D64754290027A40003DB10 /* NewsFeedPage */,
				55A3D5D128FD3C9300A48C99 /* Main.storyboard */,
				55D6474A28FFCFED0003DB10 /* Colors.xcassets */,
				55A3D5D428FD3C9600A48C99 /* Assets.xcassets */,
				55A3D5D628FD3C9600A48C99 /* LaunchScreen.storyboard */,
				55A3D5D928FD3C9600A48C99 /* Info.plist */,
			);
			path = Instagram;
			sourceTree = "<group>";
		};
		55D6471328FD68190003DB10 /* Font */ = {
			isa = PBXGroup;
			children = (
				55D6471428FD68400003DB10 /* InstagramSans-Bold.ttf */,
				55D6471528FD68400003DB10 /* InstagramSans-Regular.ttf */,
				55D6472028FD7E840003DB10 /* InstagramSans-Light.ttf */,
				55D6471D28FD69850003DB10 /* Fontspring-DEMO-blue_vinyl_bold_ps_ot.otf */,
				55D6471C28FD69850003DB10 /* Fontspring-DEMO-blue_vinyl_regular_ps_ot.otf */,
			);
			path = Font;
			sourceTree = "<group>";
		};
		55D64754290027A40003DB10 /* NewsFeedPage */ = {
			isa = PBXGroup;
			children = (
				55A3D5CF28FD3C9300A48C99 /* NewsFeedViewController.swift */,
				55D6472628FE4F990003DB10 /* RecomendedViewCell.swift */,
				55D6472228FD8D0B0003DB10 /* Content.swift */,
				55D6472428FD93460003DB10 /* ContentViewCell.swift */,
				55D6472828FFAD720003DB10 /* StoriesViewCell.swift */,
			);
			path = NewsFeedPage;
			sourceTree = "<group>";
		};
		55D6475B29002FA80003DB10 /* NotificationPage */ = {
			isa = PBXGroup;
			children = (
				55D6475529002DCE0003DB10 /* NotificationsTableViewController.swift */,
				55D6475729002E070003DB10 /* NotificationModel.swift */,
				55D6475929002F150003DB10 /* MentionedYouViewCell.swift */,
				55D6475E29002FDA0003DB10 /* LikedYouViewCell.swift */,
				55D64760290030B20003DB10 /* SubscribeYouViewCell.swift */,
				55D647622900311B0003DB10 /* IsOnInstViewCell.swift */,
			);
			path = NotificationPage;
			sourceTree = "<group>";
		};
/* End PBXGroup section */

/* Begin PBXNativeTarget section */
		55A3D5C728FD3C9300A48C99 /* Instagram */ = {
			isa = PBXNativeTarget;
			buildConfigurationList = 55A3D5DC28FD3C9600A48C99 /* Build configuration list for PBXNativeTarget "Instagram" */;
			buildPhases = (
				55A3D5C428FD3C9300A48C99 /* Sources */,
				55A3D5C528FD3C9300A48C99 /* Frameworks */,
				55A3D5C628FD3C9300A48C99 /* Resources */,
				55A3D5DF28FD3DDA00A48C99 /* Swift Lint */,
			);
			buildRules = (
			);
			dependencies = (
			);
			name = Instagram;
			productName = Instagram;
			productReference = 55A3D5C828FD3C9300A48C99 /* Instagram.app */;
			productType = "com.apple.product-type.application";
		};
/* End PBXNativeTarget section */

/* Begin PBXProject section */
		55A3D5C028FD3C9300A48C99 /* Project object */ = {
			isa = PBXProject;
			attributes = {
				BuildIndependentTargetsInParallel = 1;
				LastSwiftUpdateCheck = 1330;
				LastUpgradeCheck = 1330;
				TargetAttributes = {
					55A3D5C728FD3C9300A48C99 = {
						CreatedOnToolsVersion = 13.3.1;
					};
				};
			};
			buildConfigurationList = 55A3D5C328FD3C9300A48C99 /* Build configuration list for PBXProject "Instagram" */;
			compatibilityVersion = "Xcode 13.0";
			developmentRegion = en;
			hasScannedForEncodings = 0;
			knownRegions = (
				en,
				Base,
			);
			mainGroup = 55A3D5BF28FD3C9300A48C99;
			productRefGroup = 55A3D5C928FD3C9300A48C99 /* Products */;
			projectDirPath = "";
			projectRoot = "";
			targets = (
				55A3D5C728FD3C9300A48C99 /* Instagram */,
			);
		};
/* End PBXProject section */

/* Begin PBXResourcesBuildPhase section */
		55A3D5C628FD3C9300A48C99 /* Resources */ = {
			isa = PBXResourcesBuildPhase;
			buildActionMask = 2147483647;
			files = (
				55D6474B28FFCFED0003DB10 /* Colors.xcassets in Resources */,
				55D6471F28FD69850003DB10 /* Fontspring-DEMO-blue_vinyl_bold_ps_ot.otf in Resources */,
				55A3D5D828FD3C9600A48C99 /* LaunchScreen.storyboard in Resources */,
				55A3D5D528FD3C9600A48C99 /* Assets.xcassets in Resources */,
				55D6472128FD7E840003DB10 /* InstagramSans-Light.ttf in Resources */,
				55D6471E28FD69850003DB10 /* Fontspring-DEMO-blue_vinyl_regular_ps_ot.otf in Resources */,
				55A3D5D328FD3C9300A48C99 /* Main.storyboard in Resources */,
				55D6471928FD68410003DB10 /* InstagramSans-Regular.ttf in Resources */,
				55D6471828FD68410003DB10 /* InstagramSans-Bold.ttf in Resources */,
			);
			runOnlyForDeploymentPostprocessing = 0;
		};
/* End PBXResourcesBuildPhase section */

/* Begin PBXShellScriptBuildPhase section */
		55A3D5DF28FD3DDA00A48C99 /* Swift Lint */ = {
			isa = PBXShellScriptBuildPhase;
			buildActionMask = 2147483647;
			files = (
			);
			inputFileListPaths = (
			);
			inputPaths = (
			);
			name = "Swift Lint";
			outputFileListPaths = (
			);
			outputPaths = (
			);
			runOnlyForDeploymentPostprocessing = 0;
			shellPath = /bin/sh;
			shellScript = "if which swiftlint > /dev/null; then\n  swiftlint\nelse\n  echo \"warning: SwiftLint not installed, download from https://github.com/realm/SwiftLint\"\nfi\n";
		};
/* End PBXShellScriptBuildPhase section */

/* Begin PBXSourcesBuildPhase section */
		55A3D5C428FD3C9300A48C99 /* Sources */ = {
			isa = PBXSourcesBuildPhase;
			buildActionMask = 2147483647;
			files = (
				55D6475829002E070003DB10 /* NotificationModel.swift in Sources */,
				55A3D5D028FD3C9300A48C99 /* NewsFeedViewController.swift in Sources */,
				55D64761290030B20003DB10 /* SubscribeYouViewCell.swift in Sources */,
				55A3D5CC28FD3C9300A48C99 /* AppDelegate.swift in Sources */,
				55D6475629002DCE0003DB10 /* NotificationsTableViewController.swift in Sources */,
				55D647632900311B0003DB10 /* IsOnInstViewCell.swift in Sources */,
				55D6472928FFAD720003DB10 /* StoriesViewCell.swift in Sources */,
				55D6472528FD93460003DB10 /* ContentViewCell.swift in Sources */,
				55D6475A29002F150003DB10 /* MentionedYouViewCell.swift in Sources */,
				55A3D5CE28FD3C9300A48C99 /* SceneDelegate.swift in Sources */,
				55D6475F29002FDA0003DB10 /* LikedYouViewCell.swift in Sources */,
				55D6472328FD8D0B0003DB10 /* Content.swift in Sources */,
				55D6472728FE4F990003DB10 /* RecomendedViewCell.swift in Sources */,
			);
			runOnlyForDeploymentPostprocessing = 0;
		};
/* End PBXSourcesBuildPhase section */

/* Begin PBXVariantGroup section */
		55A3D5D128FD3C9300A48C99 /* Main.storyboard */ = {
			isa = PBXVariantGroup;
			children = (
				55A3D5D228FD3C9300A48C99 /* Base */,
			);
			name = Main.storyboard;
			sourceTree = "<group>";
		};
		55A3D5D628FD3C9600A48C99 /* LaunchScreen.storyboard */ = {
			isa = PBXVariantGroup;
			children = (
				55A3D5D728FD3C9600A48C99 /* Base */,
			);
			name = LaunchScreen.storyboard;
			sourceTree = "<group>";
		};
/* End PBXVariantGroup section */

/* Begin XCBuildConfiguration section */
		55A3D5DA28FD3C9600A48C99 /* Debug */ = {
			isa = XCBuildConfiguration;
			buildSettings = {
				ALWAYS_SEARCH_USER_PATHS = NO;
				CLANG_ANALYZER_NONNULL = YES;
				CLANG_ANALYZER_NUMBER_OBJECT_CONVERSION = YES_AGGRESSIVE;
				CLANG_CXX_LANGUAGE_STANDARD = "gnu++17";
				CLANG_ENABLE_MODULES = YES;
				CLANG_ENABLE_OBJC_ARC = YES;
				CLANG_ENABLE_OBJC_WEAK = YES;
				CLANG_WARN_BLOCK_CAPTURE_AUTORELEASING = YES;
				CLANG_WARN_BOOL_CONVERSION = YES;
				CLANG_WARN_COMMA = YES;
				CLANG_WARN_CONSTANT_CONVERSION = YES;
				CLANG_WARN_DEPRECATED_OBJC_IMPLEMENTATIONS = YES;
				CLANG_WARN_DIRECT_OBJC_ISA_USAGE = YES_ERROR;
				CLANG_WARN_DOCUMENTATION_COMMENTS = YES;
				CLANG_WARN_EMPTY_BODY = YES;
				CLANG_WARN_ENUM_CONVERSION = YES;
				CLANG_WARN_INFINITE_RECURSION = YES;
				CLANG_WARN_INT_CONVERSION = YES;
				CLANG_WARN_NON_LITERAL_NULL_CONVERSION = YES;
				CLANG_WARN_OBJC_IMPLICIT_RETAIN_SELF = YES;
				CLANG_WARN_OBJC_LITERAL_CONVERSION = YES;
				CLANG_WARN_OBJC_ROOT_CLASS = YES_ERROR;
				CLANG_WARN_QUOTED_INCLUDE_IN_FRAMEWORK_HEADER = YES;
				CLANG_WARN_RANGE_LOOP_ANALYSIS = YES;
				CLANG_WARN_STRICT_PROTOTYPES = YES;
				CLANG_WARN_SUSPICIOUS_MOVE = YES;
				CLANG_WARN_UNGUARDED_AVAILABILITY = YES_AGGRESSIVE;
				CLANG_WARN_UNREACHABLE_CODE = YES;
				CLANG_WARN__DUPLICATE_METHOD_MATCH = YES;
				COPY_PHASE_STRIP = NO;
				DEBUG_INFORMATION_FORMAT = dwarf;
				ENABLE_STRICT_OBJC_MSGSEND = YES;
				ENABLE_TESTABILITY = YES;
				GCC_C_LANGUAGE_STANDARD = gnu11;
				GCC_DYNAMIC_NO_PIC = NO;
				GCC_NO_COMMON_BLOCKS = YES;
				GCC_OPTIMIZATION_LEVEL = 0;
				GCC_PREPROCESSOR_DEFINITIONS = (
					"DEBUG=1",
					"$(inherited)",
				);
				GCC_WARN_64_TO_32_BIT_CONVERSION = YES;
				GCC_WARN_ABOUT_RETURN_TYPE = YES_ERROR;
				GCC_WARN_UNDECLARED_SELECTOR = YES;
				GCC_WARN_UNINITIALIZED_AUTOS = YES_AGGRESSIVE;
				GCC_WARN_UNUSED_FUNCTION = YES;
				GCC_WARN_UNUSED_VARIABLE = YES;
				IPHONEOS_DEPLOYMENT_TARGET = 15.4;
				MTL_ENABLE_DEBUG_INFO = INCLUDE_SOURCE;
				MTL_FAST_MATH = YES;
				ONLY_ACTIVE_ARCH = YES;
				SDKROOT = iphoneos;
				SWIFT_ACTIVE_COMPILATION_CONDITIONS = DEBUG;
				SWIFT_OPTIMIZATION_LEVEL = "-Onone";
			};
			name = Debug;
		};
		55A3D5DB28FD3C9600A48C99 /* Release */ = {
			isa = XCBuildConfiguration;
			buildSettings = {
				ALWAYS_SEARCH_USER_PATHS = NO;
				CLANG_ANALYZER_NONNULL = YES;
				CLANG_ANALYZER_NUMBER_OBJECT_CONVERSION = YES_AGGRESSIVE;
				CLANG_CXX_LANGUAGE_STANDARD = "gnu++17";
				CLANG_ENABLE_MODULES = YES;
				CLANG_ENABLE_OBJC_ARC = YES;
				CLANG_ENABLE_OBJC_WEAK = YES;
				CLANG_WARN_BLOCK_CAPTURE_AUTORELEASING = YES;
				CLANG_WARN_BOOL_CONVERSION = YES;
				CLANG_WARN_COMMA = YES;
				CLANG_WARN_CONSTANT_CONVERSION = YES;
				CLANG_WARN_DEPRECATED_OBJC_IMPLEMENTATIONS = YES;
				CLANG_WARN_DIRECT_OBJC_ISA_USAGE = YES_ERROR;
				CLANG_WARN_DOCUMENTATION_COMMENTS = YES;
				CLANG_WARN_EMPTY_BODY = YES;
				CLANG_WARN_ENUM_CONVERSION = YES;
				CLANG_WARN_INFINITE_RECURSION = YES;
				CLANG_WARN_INT_CONVERSION = YES;
				CLANG_WARN_NON_LITERAL_NULL_CONVERSION = YES;
				CLANG_WARN_OBJC_IMPLICIT_RETAIN_SELF = YES;
				CLANG_WARN_OBJC_LITERAL_CONVERSION = YES;
				CLANG_WARN_OBJC_ROOT_CLASS = YES_ERROR;
				CLANG_WARN_QUOTED_INCLUDE_IN_FRAMEWORK_HEADER = YES;
				CLANG_WARN_RANGE_LOOP_ANALYSIS = YES;
				CLANG_WARN_STRICT_PROTOTYPES = YES;
				CLANG_WARN_SUSPICIOUS_MOVE = YES;
				CLANG_WARN_UNGUARDED_AVAILABILITY = YES_AGGRESSIVE;
				CLANG_WARN_UNREACHABLE_CODE = YES;
				CLANG_WARN__DUPLICATE_METHOD_MATCH = YES;
				COPY_PHASE_STRIP = NO;
				DEBUG_INFORMATION_FORMAT = "dwarf-with-dsym";
				ENABLE_NS_ASSERTIONS = NO;
				ENABLE_STRICT_OBJC_MSGSEND = YES;
				GCC_C_LANGUAGE_STANDARD = gnu11;
				GCC_NO_COMMON_BLOCKS = YES;
				GCC_WARN_64_TO_32_BIT_CONVERSION = YES;
				GCC_WARN_ABOUT_RETURN_TYPE = YES_ERROR;
				GCC_WARN_UNDECLARED_SELECTOR = YES;
				GCC_WARN_UNINITIALIZED_AUTOS = YES_AGGRESSIVE;
				GCC_WARN_UNUSED_FUNCTION = YES;
				GCC_WARN_UNUSED_VARIABLE = YES;
				IPHONEOS_DEPLOYMENT_TARGET = 15.4;
				MTL_ENABLE_DEBUG_INFO = NO;
				MTL_FAST_MATH = YES;
				SDKROOT = iphoneos;
				SWIFT_COMPILATION_MODE = wholemodule;
				SWIFT_OPTIMIZATION_LEVEL = "-O";
				VALIDATE_PRODUCT = YES;
			};
			name = Release;
		};
		55A3D5DD28FD3C9600A48C99 /* Debug */ = {
			isa = XCBuildConfiguration;
			buildSettings = {
				ASSETCATALOG_COMPILER_APPICON_NAME = AppIcon;
				ASSETCATALOG_COMPILER_GLOBAL_ACCENT_COLOR_NAME = AccentColor;
				CODE_SIGN_STYLE = Automatic;
				CURRENT_PROJECT_VERSION = 1;
				DEVELOPMENT_TEAM = GU5MMAQ8BR;
				GENERATE_INFOPLIST_FILE = YES;
				INFOPLIST_FILE = Instagram/Info.plist;
				INFOPLIST_KEY_UIApplicationSupportsIndirectInputEvents = YES;
				INFOPLIST_KEY_UILaunchStoryboardName = LaunchScreen;
				INFOPLIST_KEY_UIMainStoryboardFile = Main;
				INFOPLIST_KEY_UISupportedInterfaceOrientations_iPad = "UIInterfaceOrientationPortrait UIInterfaceOrientationPortraitUpsideDown UIInterfaceOrientationLandscapeLeft UIInterfaceOrientationLandscapeRight";
				INFOPLIST_KEY_UISupportedInterfaceOrientations_iPhone = "UIInterfaceOrientationPortrait UIInterfaceOrientationLandscapeLeft UIInterfaceOrientationLandscapeRight";
				LD_RUNPATH_SEARCH_PATHS = (
					"$(inherited)",
					"@executable_path/Frameworks",
				);
				MARKETING_VERSION = 1.0;
				PRODUCT_BUNDLE_IDENTIFIER = VladkaTeam.Instagram;
				PRODUCT_NAME = "$(TARGET_NAME)";
				SWIFT_EMIT_LOC_STRINGS = YES;
				SWIFT_VERSION = 5.0;
				TARGETED_DEVICE_FAMILY = "1,2";
			};
			name = Debug;
		};
		55A3D5DE28FD3C9600A48C99 /* Release */ = {
			isa = XCBuildConfiguration;
			buildSettings = {
				ASSETCATALOG_COMPILER_APPICON_NAME = AppIcon;
				ASSETCATALOG_COMPILER_GLOBAL_ACCENT_COLOR_NAME = AccentColor;
				CODE_SIGN_STYLE = Automatic;
				CURRENT_PROJECT_VERSION = 1;
				DEVELOPMENT_TEAM = GU5MMAQ8BR;
				GENERATE_INFOPLIST_FILE = YES;
				INFOPLIST_FILE = Instagram/Info.plist;
				INFOPLIST_KEY_UIApplicationSupportsIndirectInputEvents = YES;
				INFOPLIST_KEY_UILaunchStoryboardName = LaunchScreen;
				INFOPLIST_KEY_UIMainStoryboardFile = Main;
				INFOPLIST_KEY_UISupportedInterfaceOrientations_iPad = "UIInterfaceOrientationPortrait UIInterfaceOrientationPortraitUpsideDown UIInterfaceOrientationLandscapeLeft UIInterfaceOrientationLandscapeRight";
				INFOPLIST_KEY_UISupportedInterfaceOrientations_iPhone = "UIInterfaceOrientationPortrait UIInterfaceOrientationLandscapeLeft UIInterfaceOrientationLandscapeRight";
				LD_RUNPATH_SEARCH_PATHS = (
					"$(inherited)",
					"@executable_path/Frameworks",
				);
				MARKETING_VERSION = 1.0;
				PRODUCT_BUNDLE_IDENTIFIER = VladkaTeam.Instagram;
				PRODUCT_NAME = "$(TARGET_NAME)";
				SWIFT_EMIT_LOC_STRINGS = YES;
				SWIFT_VERSION = 5.0;
				TARGETED_DEVICE_FAMILY = "1,2";
			};
			name = Release;
		};
/* End XCBuildConfiguration section */

/* Begin XCConfigurationList section */
		55A3D5C328FD3C9300A48C99 /* Build configuration list for PBXProject "Instagram" */ = {
			isa = XCConfigurationList;
			buildConfigurations = (
				55A3D5DA28FD3C9600A48C99 /* Debug */,
				55A3D5DB28FD3C9600A48C99 /* Release */,
			);
			defaultConfigurationIsVisible = 0;
			defaultConfigurationName = Release;
		};
		55A3D5DC28FD3C9600A48C99 /* Build configuration list for PBXNativeTarget "Instagram" */ = {
			isa = XCConfigurationList;
			buildConfigurations = (
				55A3D5DD28FD3C9600A48C99 /* Debug */,
				55A3D5DE28FD3C9600A48C99 /* Release */,
			);
			defaultConfigurationIsVisible = 0;
			defaultConfigurationName = Release;
		};
/* End XCConfigurationList section */
	};
	rootObject = 55A3D5C028FD3C9300A48C99 /* Project object */;
}
